
Microsoft Visual Studio Solution File, Format Version 12.00
# Visual Studio Version 16
VisualStudioVersion = 16.0.30503.244
MinimumVisualStudioVersion = 10.0.40219.1
Project("{FAE04EC0-301F-11D3-BF4B-00C04F79EFBC}") = "CWQuickGen", "CWQuickGen.csproj", "{1A871B7C-D2CA-41B7-9285-737D01453798}"
EndProject
Global
	GlobalSection(SolutionConfigurationPlatforms) = preSolution
		Debug|Any CPU = Debug|Any CPU
		Release|Any CPU = Release|Any CPU
	EndGlobalSection
	GlobalSection(ProjectConfigurationPlatforms) = postSolution
		{1A871B7C-D2CA-41B7-9285-737D01453798}.Debug|Any CPU.ActiveCfg = Debug|Any CPU
		{1A871B7C-D2CA-41B7-9285-737D01453798}.Debug|Any CPU.Build.0 = Debug|Any CPU
		{1A871B7C-D2CA-41B7-9285-737D01453798}.Release|Any CPU.ActiveCfg = Release|Any CPU
		{1A871B7C-D2CA-41B7-9285-737D01453798}.Release|Any CPU.Build.0 = Release|Any CPU
	EndGlobalSection
	GlobalSection(SolutionProperties) = preSolution
		HideSolutionNode = FALSE
	EndGlobalSection
	GlobalSection(ExtensibilityGlobals) = postSolution
		SolutionGuid = {413EFCB8-BF71-4918-8855-12DAEB035A9F}
	EndGlobalSection
EndGlobal
